// !$*UTF8*$!
{
	archiveVersion = 1;
	classes = {
	};
	objectVersion = 56;
	objects = {

/* Begin PBXBuildFile section */
		9796A00529D14FE0008E46DC /* AppDelegate.swift in Sources */ = {isa = PBXBuildFile; fileRef = 9796A00429D14FE0008E46DC /* AppDelegate.swift */; };
		9796A00729D14FE0008E46DC /* ViewController.swift in Sources */ = {isa = PBXBuildFile; fileRef = 9796A00629D14FE0008E46DC /* ViewController.swift */; };
		9796A00929D14FE1008E46DC /* Assets.xcassets in Resources */ = {isa = PBXBuildFile; fileRef = 9796A00829D14FE1008E46DC /* Assets.xcassets */; };
		9796A00C29D14FE1008E46DC /* Main.storyboard in Resources */ = {isa = PBXBuildFile; fileRef = 9796A00A29D14FE1008E46DC /* Main.storyboard */; };
		9796A01729D14FE2008E46DC /* imageCutTests.swift in Sources */ = {isa = PBXBuildFile; fileRef = 9796A01629D14FE2008E46DC /* imageCutTests.swift */; };
		9796A02129D14FE2008E46DC /* imageCutUITests.swift in Sources */ = {isa = PBXBuildFile; fileRef = 9796A02029D14FE2008E46DC /* imageCutUITests.swift */; };
		9796A02329D14FE2008E46DC /* imageCutUITestsLaunchTests.swift in Sources */ = {isa = PBXBuildFile; fileRef = 9796A02229D14FE2008E46DC /* imageCutUITestsLaunchTests.swift */; };
		9796A03029D1510C008E46DC /* ImageView.swift in Sources */ = {isa = PBXBuildFile; fileRef = 9796A02F29D1510C008E46DC /* ImageView.swift */; };
		9796A03229D15126008E46DC /* preView.swift in Sources */ = {isa = PBXBuildFile; fileRef = 9796A03129D15126008E46DC /* preView.swift */; };
/* End PBXBuildFile section */

/* Begin PBXContainerItemProxy section */
		9796A01329D14FE2008E46DC /* PBXContainerItemProxy */ = {
			isa = PBXContainerItemProxy;
			containerPortal = 97969FF929D14FE0008E46DC /* Project object */;
			proxyType = 1;
			remoteGlobalIDString = 9796A00029D14FE0008E46DC;
			remoteInfo = imageCut;
		};
		9796A01D29D14FE2008E46DC /* PBXContainerItemProxy */ = {
			isa = PBXContainerItemProxy;
			containerPortal = 97969FF929D14FE0008E46DC /* Project object */;
			proxyType = 1;
			remoteGlobalIDString = 9796A00029D14FE0008E46DC;
			remoteInfo = imageCut;
		};
/* End PBXContainerItemProxy section */

/* Begin PBXFileReference section */
		9796A00129D14FE0008E46DC /* imageCut.app */ = {isa = PBXFileReference; explicitFileType = wrapper.application; includeInIndex = 0; path = imageCut.app; sourceTree = BUILT_PRODUCTS_DIR; };
		9796A00429D14FE0008E46DC /* AppDelegate.swift */ = {isa = PBXFileReference; lastKnownFileType = sourcecode.swift; path = AppDelegate.swift; sourceTree = "<group>"; };
		9796A00629D14FE0008E46DC /* ViewController.swift */ = {isa = PBXFileReference; lastKnownFileType = sourcecode.swift; path = ViewController.swift; sourceTree = "<group>"; };
		9796A00829D14FE1008E46DC /* Assets.xcassets */ = {isa = PBXFileReference; lastKnownFileType = folder.assetcatalog; path = Assets.xcassets; sourceTree = "<group>"; };
		9796A00B29D14FE1008E46DC /* Base */ = {isa = PBXFileReference; lastKnownFileType = file.storyboard; name = Base; path = Base.lproj/Main.storyboard; sourceTree = "<group>"; };
		9796A00D29D14FE1008E46DC /* imageCut.entitlements */ = {isa = PBXFileReference; lastKnownFileType = text.plist.entitlements; path = imageCut.entitlements; sourceTree = "<group>"; };
		9796A01229D14FE2008E46DC /* imageCutTests.xctest */ = {isa = PBXFileReference; explicitFileType = wrapper.cfbundle; includeInIndex = 0; path = imageCutTests.xctest; sourceTree = BUILT_PRODUCTS_DIR; };
		9796A01629D14FE2008E46DC /* imageCutTests.swift */ = {isa = PBXFileReference; lastKnownFileType = sourcecode.swift; path = imageCutTests.swift; sourceTree = "<group>"; };
		9796A01C29D14FE2008E46DC /* imageCutUITests.xctest */ = {isa = PBXFileReference; explicitFileType = wrapper.cfbundle; includeInIndex = 0; path = imageCutUITests.xctest; sourceTree = BUILT_PRODUCTS_DIR; };
		9796A02029D14FE2008E46DC /* imageCutUITests.swift */ = {isa = PBXFileReference; lastKnownFileType = sourcecode.swift; path = imageCutUITests.swift; sourceTree = "<group>"; };
		9796A02229D14FE2008E46DC /* imageCutUITestsLaunchTests.swift */ = {isa = PBXFileReference; lastKnownFileType = sourcecode.swift; path = imageCutUITestsLaunchTests.swift; sourceTree = "<group>"; };
		9796A02F29D1510C008E46DC /* ImageView.swift */ = {isa = PBXFileReference; lastKnownFileType = sourcecode.swift; path = ImageView.swift; sourceTree = "<group>"; };
		9796A03129D15126008E46DC /* preView.swift */ = {isa = PBXFileReference; lastKnownFileType = sourcecode.swift; path = preView.swift; sourceTree = "<group>"; };
/* End PBXFileReference section */

/* Begin PBXFrameworksBuildPhase section */
		97969FFE29D14FE0008E46DC /* Frameworks */ = {
			isa = PBXFrameworksBuildPhase;
			buildActionMask = 2147483647;
			files = (
			);
			runOnlyForDeploymentPostprocessing = 0;
		};
		9796A00F29D14FE2008E46DC /* Frameworks */ = {
			isa = PBXFrameworksBuildPhase;
			buildActionMask = 2147483647;
			files = (
			);
			runOnlyForDeploymentPostprocessing = 0;
		};
		9796A01929D14FE2008E46DC /* Frameworks */ = {
			isa = PBXFrameworksBuildPhase;
			buildActionMask = 2147483647;
			files = (
			);
			runOnlyForDeploymentPostprocessing = 0;
		};
/* End PBXFrameworksBuildPhase section */

/* Begin PBXGroup section */
		97969FF829D14FE0008E46DC = {
			isa = PBXGroup;
			children = (
				9796A00329D14FE0008E46DC /* imageCut */,
				9796A01529D14FE2008E46DC /* imageCutTests */,
				9796A01F29D14FE2008E46DC /* imageCutUITests */,
				9796A00229D14FE0008E46DC /* Products */,
			);
			sourceTree = "<group>";
		};
		9796A00229D14FE0008E46DC /* Products */ = {
			isa = PBXGroup;
			children = (
				9796A00129D14FE0008E46DC /* imageCut.app */,
				9796A01229D14FE2008E46DC /* imageCutTests.xctest */,
				9796A01C29D14FE2008E46DC /* imageCutUITests.xctest */,
			);
			name = Products;
			sourceTree = "<group>";
		};
		9796A00329D14FE0008E46DC /* imageCut */ = {
			isa = PBXGroup;
			children = (
				9796A00429D14FE0008E46DC /* AppDelegate.swift */,
				9796A00629D14FE0008E46DC /* ViewController.swift */,
				9796A02F29D1510C008E46DC /* ImageView.swift */,
				9796A03129D15126008E46DC /* preView.swift */,
				9796A00829D14FE1008E46DC /* Assets.xcassets */,
				9796A00A29D14FE1008E46DC /* Main.storyboard */,
				9796A00D29D14FE1008E46DC /* imageCut.entitlements */,
			);
			path = imageCut;
			sourceTree = "<group>";
		};
		9796A01529D14FE2008E46DC /* imageCutTests */ = {
			isa = PBXGroup;
			children = (
				9796A01629D14FE2008E46DC /* imageCutTests.swift */,
			);
			path = imageCutTests;
			sourceTree = "<group>";
		};
		9796A01F29D14FE2008E46DC /* imageCutUITests */ = {
			isa = PBXGroup;
			children = (
				9796A02029D14FE2008E46DC /* imageCutUITests.swift */,
				9796A02229D14FE2008E46DC /* imageCutUITestsLaunchTests.swift */,
			);
			path = imageCutUITests;
			sourceTree = "<group>";
		};
/* End PBXGroup section */

/* Begin PBXNativeTarget section */
		9796A00029D14FE0008E46DC /* imageCut */ = {
			isa = PBXNativeTarget;
			buildConfigurationList = 9796A02629D14FE2008E46DC /* Build configuration list for PBXNativeTarget "imageCut" */;
			buildPhases = (
				97969FFD29D14FE0008E46DC /* Sources */,
				97969FFE29D14FE0008E46DC /* Frameworks */,
				97969FFF29D14FE0008E46DC /* Resources */,
			);
			buildRules = (
			);
			dependencies = (
			);
			name = imageCut;
			productName = imageCut;
			productReference = 9796A00129D14FE0008E46DC /* imageCut.app */;
			productType = "com.apple.product-type.application";
		};
		9796A01129D14FE2008E46DC /* imageCutTests */ = {
			isa = PBXNativeTarget;
			buildConfigurationList = 9796A02929D14FE2008E46DC /* Build configuration list for PBXNativeTarget "imageCutTests" */;
			buildPhases = (
				9796A00E29D14FE2008E46DC /* Sources */,
				9796A00F29D14FE2008E46DC /* Frameworks */,
				9796A01029D14FE2008E46DC /* Resources */,
			);
			buildRules = (
			);
			dependencies = (
				9796A01429D14FE2008E46DC /* PBXTargetDependency */,
			);
			name = imageCutTests;
			productName = imageCutTests;
			productReference = 9796A01229D14FE2008E46DC /* imageCutTests.xctest */;
			productType = "com.apple.product-type.bundle.unit-test";
		};
		9796A01B29D14FE2008E46DC /* imageCutUITests */ = {
			isa = PBXNativeTarget;
			buildConfigurationList = 9796A02C29D14FE2008E46DC /* Build configuration list for PBXNativeTarget "imageCutUITests" */;
			buildPhases = (
				9796A01829D14FE2008E46DC /* Sources */,
				9796A01929D14FE2008E46DC /* Frameworks */,
				9796A01A29D14FE2008E46DC /* Resources */,
			);
			buildRules = (
			);
			dependencies = (
				9796A01E29D14FE2008E46DC /* PBXTargetDependency */,
			);
			name = imageCutUITests;
			productName = imageCutUITests;
			productReference = 9796A01C29D14FE2008E46DC /* imageCutUITests.xctest */;
			productType = "com.apple.product-type.bundle.ui-testing";
		};
/* End PBXNativeTarget section */

/* Begin PBXProject section */
		97969FF929D14FE0008E46DC /* Project object */ = {
			isa = PBXProject;
			attributes = {
				BuildIndependentTargetsInParallel = 1;
				LastSwiftUpdateCheck = 1420;
				LastUpgradeCheck = 1420;
				TargetAttributes = {
					9796A00029D14FE0008E46DC = {
						CreatedOnToolsVersion = 14.2;
					};
					9796A01129D14FE2008E46DC = {
						CreatedOnToolsVersion = 14.2;
						TestTargetID = 9796A00029D14FE0008E46DC;
					};
					9796A01B29D14FE2008E46DC = {
						CreatedOnToolsVersion = 14.2;
						TestTargetID = 9796A00029D14FE0008E46DC;
					};
				};
			};
			buildConfigurationList = 97969FFC29D14FE0008E46DC /* Build configuration list for PBXProject "imageCut" */;
			compatibilityVersion = "Xcode 14.0";
			developmentRegion = en;
			hasScannedForEncodings = 0;
			knownRegions = (
				en,
				Base,
			);
			mainGroup = 97969FF829D14FE0008E46DC;
			productRefGroup = 9796A00229D14FE0008E46DC /* Products */;
			projectDirPath = "";
			projectRoot = "";
			targets = (
				9796A00029D14FE0008E46DC /* imageCut */,
				9796A01129D14FE2008E46DC /* imageCutTests */,
				9796A01B29D14FE2008E46DC /* imageCutUITests */,
			);
		};
/* End PBXProject section */

/* Begin PBXResourcesBuildPhase section */
		97969FFF29D14FE0008E46DC /* Resources */ = {
			isa = PBXResourcesBuildPhase;
			buildActionMask = 2147483647;
			files = (
				9796A00929D14FE1008E46DC /* Assets.xcassets in Resources */,
				9796A00C29D14FE1008E46DC /* Main.storyboard in Resources */,
			);
			runOnlyForDeploymentPostprocessing = 0;
		};
		9796A01029D14FE2008E46DC /* Resources */ = {
			isa = PBXResourcesBuildPhase;
			buildActionMask = 2147483647;
			files = (
			);
			runOnlyForDeploymentPostprocessing = 0;
		};
		9796A01A29D14FE2008E46DC /* Resources */ = {
			isa = PBXResourcesBuildPhase;
			buildActionMask = 2147483647;
			files = (
			);
			runOnlyForDeploymentPostprocessing = 0;
		};
/* End PBXResourcesBuildPhase section */

/* Begin PBXSourcesBuildPhase section */
		97969FFD29D14FE0008E46DC /* Sources */ = {
			isa = PBXSourcesBuildPhase;
			buildActionMask = 2147483647;
			files = (
				9796A03029D1510C008E46DC /* ImageView.swift in Sources */,
				9796A00729D14FE0008E46DC /* ViewController.swift in Sources */,
				9796A03229D15126008E46DC /* preView.swift in Sources */,
				9796A00529D14FE0008E46DC /* AppDelegate.swift in Sources */,
			);
			runOnlyForDeploymentPostprocessing = 0;
		};
		9796A00E29D14FE2008E46DC /* Sources */ = {
			isa = PBXSourcesBuildPhase;
			buildActionMask = 2147483647;
			files = (
				9796A01729D14FE2008E46DC /* imageCutTests.swift in Sources */,
			);
			runOnlyForDeploymentPostprocessing = 0;
		};
		9796A01829D14FE2008E46DC /* Sources */ = {
			isa = PBXSourcesBuildPhase;
			buildActionMask = 2147483647;
			files = (
				9796A02329D14FE2008E46DC /* imageCutUITestsLaunchTests.swift in Sources */,
				9796A02129D14FE2008E46DC /* imageCutUITests.swift in Sources */,
			);
			runOnlyForDeploymentPostprocessing = 0;
		};
/* End PBXSourcesBuildPhase section */

/* Begin PBXTargetDependency section */
		9796A01429D14FE2008E46DC /* PBXTargetDependency */ = {
			isa = PBXTargetDependency;
			target = 9796A00029D14FE0008E46DC /* imageCut */;
			targetProxy = 9796A01329D14FE2008E46DC /* PBXContainerItemProxy */;
		};
		9796A01E29D14FE2008E46DC /* PBXTargetDependency */ = {
			isa = PBXTargetDependency;
			target = 9796A00029D14FE0008E46DC /* imageCut */;
			targetProxy = 9796A01D29D14FE2008E46DC /* PBXContainerItemProxy */;
		};
/* End PBXTargetDependency section */

/* Begin PBXVariantGroup section */
		9796A00A29D14FE1008E46DC /* Main.storyboard */ = {
			isa = PBXVariantGroup;
			children = (
				9796A00B29D14FE1008E46DC /* Base */,
			);
			name = Main.storyboard;
			sourceTree = "<group>";
		};
/* End PBXVariantGroup section */

/* Begin XCBuildConfiguration section */
		9796A02429D14FE2008E46DC /* Debug */ = {
			isa = XCBuildConfiguration;
			buildSettings = {
				ALWAYS_SEARCH_USER_PATHS = NO;
				CLANG_ANALYZER_NONNULL = YES;
				CLANG_ANALYZER_NUMBER_OBJECT_CONVERSION = YES_AGGRESSIVE;
				CLANG_CXX_LANGUAGE_STANDARD = "gnu++20";
				CLANG_ENABLE_MODULES = YES;
				CLANG_ENABLE_OBJC_ARC = YES;
				CLANG_ENABLE_OBJC_WEAK = YES;
				CLANG_WARN_BLOCK_CAPTURE_AUTORELEASING = YES;
				CLANG_WARN_BOOL_CONVERSION = YES;
				CLANG_WARN_COMMA = YES;
				CLANG_WARN_CONSTANT_CONVERSION = YES;
				CLANG_WARN_DEPRECATED_OBJC_IMPLEMENTATIONS = YES;
				CLANG_WARN_DIRECT_OBJC_ISA_USAGE = YES_ERROR;
				CLANG_WARN_DOCUMENTATION_COMMENTS = YES;
				CLANG_WARN_EMPTY_BODY = YES;
				CLANG_WARN_ENUM_CONVERSION = YES;
				CLANG_WARN_INFINITE_RECURSION = YES;
				CLANG_WARN_INT_CONVERSION = YES;
				CLANG_WARN_NON_LITERAL_NULL_CONVERSION = YES;
				CLANG_WARN_OBJC_IMPLICIT_RETAIN_SELF = YES;
				CLANG_WARN_OBJC_LITERAL_CONVERSION = YES;
				CLANG_WARN_OBJC_ROOT_CLASS = YES_ERROR;
				CLANG_WARN_QUOTED_INCLUDE_IN_FRAMEWORK_HEADER = YES;
				CLANG_WARN_RANGE_LOOP_ANALYSIS = YES;
				CLANG_WARN_STRICT_PROTOTYPES = YES;
				CLANG_WARN_SUSPICIOUS_MOVE = YES;
				CLANG_WARN_UNGUARDED_AVAILABILITY = YES_AGGRESSIVE;
				CLANG_WARN_UNREACHABLE_CODE = YES;
				CLANG_WARN__DUPLICATE_METHOD_MATCH = YES;
				COPY_PHASE_STRIP = NO;
				DEBUG_INFORMATION_FORMAT = dwarf;
				ENABLE_STRICT_OBJC_MSGSEND = YES;
				ENABLE_TESTABILITY = YES;
				GCC_C_LANGUAGE_STANDARD = gnu11;
				GCC_DYNAMIC_NO_PIC = NO;
				GCC_NO_COMMON_BLOCKS = YES;
				GCC_OPTIMIZATION_LEVEL = 0;
				GCC_PREPROCESSOR_DEFINITIONS = (
					"DEBUG=1",
					"$(inherited)",
				);
				GCC_WARN_64_TO_32_BIT_CONVERSION = YES;
				GCC_WARN_ABOUT_RETURN_TYPE = YES_ERROR;
				GCC_WARN_UNDECLARED_SELECTOR = YES;
				GCC_WARN_UNINITIALIZED_AUTOS = YES_AGGRESSIVE;
				GCC_WARN_UNUSED_FUNCTION = YES;
				GCC_WARN_UNUSED_VARIABLE = YES;
				MACOSX_DEPLOYMENT_TARGET = 13.1;
				MTL_ENABLE_DEBUG_INFO = INCLUDE_SOURCE;
				MTL_FAST_MATH = YES;
				ONLY_ACTIVE_ARCH = YES;
				SDKROOT = macosx;
				SWIFT_ACTIVE_COMPILATION_CONDITIONS = DEBUG;
				SWIFT_OPTIMIZATION_LEVEL = "-Onone";
			};
			name = Debug;
		};
		9796A02529D14FE2008E46DC /* Release */ = {
			isa = XCBuildConfiguration;
			buildSettings = {
				ALWAYS_SEARCH_USER_PATHS = NO;
				CLANG_ANALYZER_NONNULL = YES;
				CLANG_ANALYZER_NUMBER_OBJECT_CONVERSION = YES_AGGRESSIVE;
				CLANG_CXX_LANGUAGE_STANDARD = "gnu++20";
				CLANG_ENABLE_MODULES = YES;
				CLANG_ENABLE_OBJC_ARC = YES;
				CLANG_ENABLE_OBJC_WEAK = YES;
				CLANG_WARN_BLOCK_CAPTURE_AUTORELEASING = YES;
				CLANG_WARN_BOOL_CONVERSION = YES;
				CLANG_WARN_COMMA = YES;
				CLANG_WARN_CONSTANT_CONVERSION = YES;
				CLANG_WARN_DEPRECATED_OBJC_IMPLEMENTATIONS = YES;
				CLANG_WARN_DIRECT_OBJC_ISA_USAGE = YES_ERROR;
				CLANG_WARN_DOCUMENTATION_COMMENTS = YES;
				CLANG_WARN_EMPTY_BODY = YES;
				CLANG_WARN_ENUM_CONVERSION = YES;
				CLANG_WARN_INFINITE_RECURSION = YES;
				CLANG_WARN_INT_CONVERSION = YES;
				CLANG_WARN_NON_LITERAL_NULL_CONVERSION = YES;
				CLANG_WARN_OBJC_IMPLICIT_RETAIN_SELF = YES;
				CLANG_WARN_OBJC_LITERAL_CONVERSION = YES;
				CLANG_WARN_OBJC_ROOT_CLASS = YES_ERROR;
				CLANG_WARN_QUOTED_INCLUDE_IN_FRAMEWORK_HEADER = YES;
				CLANG_WARN_RANGE_LOOP_ANALYSIS = YES;
				CLANG_WARN_STRICT_PROTOTYPES = YES;
				CLANG_WARN_SUSPICIOUS_MOVE = YES;
				CLANG_WARN_UNGUARDED_AVAILABILITY = YES_AGGRESSIVE;
				CLANG_WARN_UNREACHABLE_CODE = YES;
				CLANG_WARN__DUPLICATE_METHOD_MATCH = YES;
				COPY_PHASE_STRIP = NO;
				DEBUG_INFORMATION_FORMAT = "dwarf-with-dsym";
				ENABLE_NS_ASSERTIONS = NO;
				ENABLE_STRICT_OBJC_MSGSEND = YES;
				GCC_C_LANGUAGE_STANDARD = gnu11;
				GCC_NO_COMMON_BLOCKS = YES;
				GCC_WARN_64_TO_32_BIT_CONVERSION = YES;
				GCC_WARN_ABOUT_RETURN_TYPE = YES_ERROR;
				GCC_WARN_UNDECLARED_SELECTOR = YES;
				GCC_WARN_UNINITIALIZED_AUTOS = YES_AGGRESSIVE;
				GCC_WARN_UNUSED_FUNCTION = YES;
				GCC_WARN_UNUSED_VARIABLE = YES;
				MACOSX_DEPLOYMENT_TARGET = 13.1;
				MTL_ENABLE_DEBUG_INFO = NO;
				MTL_FAST_MATH = YES;
				SDKROOT = macosx;
				SWIFT_COMPILATION_MODE = wholemodule;
				SWIFT_OPTIMIZATION_LEVEL = "-O";
			};
			name = Release;
		};
		9796A02729D14FE2008E46DC /* Debug */ = {
			isa = XCBuildConfiguration;
			buildSettings = {
				ASSETCATALOG_COMPILER_APPICON_NAME = AppIcon;
				ASSETCATALOG_COMPILER_GLOBAL_ACCENT_COLOR_NAME = AccentColor;
				CODE_SIGN_ENTITLEMENTS = imageCut/imageCut.entitlements;
				CODE_SIGN_STYLE = Automatic;
				COMBINE_HIDPI_IMAGES = YES;
				CURRENT_PROJECT_VERSION = 1;
				DEVELOPMENT_TEAM = 7QPZTLEJ7L;
				ENABLE_HARDENED_RUNTIME = YES;
				GENERATE_INFOPLIST_FILE = YES;
				INFOPLIST_KEY_NSHumanReadableCopyright = "";
				INFOPLIST_KEY_NSMainStoryboardFile = Main;
				INFOPLIST_KEY_NSPrincipalClass = NSApplication;
				LD_RUNPATH_SEARCH_PATHS = (
					"$(inherited)",
					"@executable_path/../Frameworks",
				);
				MARKETING_VERSION = 1.0;
				PRODUCT_BUNDLE_IDENTIFIER = com.gamerocketstudio.imageCut;
				PRODUCT_NAME = "$(TARGET_NAME)";
				SWIFT_EMIT_LOC_STRINGS = YES;
				SWIFT_VERSION = 5.0;
			};
			name = Debug;
		};
		9796A02829D14FE2008E46DC /* Release */ = {
			isa = XCBuildConfiguration;
			buildSettings = {
				ASSETCATALOG_COMPILER_APPICON_NAME = AppIcon;
				ASSETCATALOG_COMPILER_GLOBAL_ACCENT_COLOR_NAME = AccentColor;
				CODE_SIGN_ENTITLEMENTS = imageCut/imageCut.entitlements;
				CODE_SIGN_STYLE = Automatic;
				COMBINE_HIDPI_IMAGES = YES;
				CURRENT_PROJECT_VERSION = 1;
				DEVELOPMENT_TEAM = 7QPZTLEJ7L;
				ENABLE_HARDENED_RUNTIME = YES;
				GENERATE_INFOPLIST_FILE = YES;
				INFOPLIST_KEY_NSHumanReadableCopyright = "";
				INFOPLIST_KEY_NSMainStoryboardFile = Main;
				INFOPLIST_KEY_NSPrincipalClass = NSApplication;
				LD_RUNPATH_SEARCH_PATHS = (
					"$(inherited)",
					"@executable_path/../Frameworks",
				);
				MARKETING_VERSION = 1.0;
				PRODUCT_BUNDLE_IDENTIFIER = com.gamerocketstudio.imageCut;
				PRODUCT_NAME = "$(TARGET_NAME)";
				SWIFT_EMIT_LOC_STRINGS = YES;
				SWIFT_VERSION = 5.0;
			};
			name = Release;
		};
		9796A02A29D14FE2008E46DC /* Debug */ = {
			isa = XCBuildConfiguration;
			buildSettings = {
				ALWAYS_EMBED_SWIFT_STANDARD_LIBRARIES = YES;
				BUNDLE_LOADER = "$(TEST_HOST)";
				CODE_SIGN_STYLE = Automatic;
				CURRENT_PROJECT_VERSION = 1;
				DEVELOPMENT_TEAM = 7QPZTLEJ7L;
				GENERATE_INFOPLIST_FILE = YES;
				MACOSX_DEPLOYMENT_TARGET = 13.1;
				MARKETING_VERSION = 1.0;
				PRODUCT_BUNDLE_IDENTIFIER = com.gamerocketstudio.imageCutTests;
				PRODUCT_NAME = "$(TARGET_NAME)";
				SWIFT_EMIT_LOC_STRINGS = NO;
				SWIFT_VERSION = 5.0;
				TEST_HOST = "$(BUILT_PRODUCTS_DIR)/imageCut.app/$(BUNDLE_EXECUTABLE_FOLDER_PATH)/imageCut";
			};
			name = Debug;
		};
		9796A02B29D14FE2008E46DC /* Release */ = {
			isa = XCBuildConfiguration;
			buildSettings = {
				ALWAYS_EMBED_SWIFT_STANDARD_LIBRARIES = YES;
				BUNDLE_LOADER = "$(TEST_HOST)";
				CODE_SIGN_STYLE = Automatic;
				CURRENT_PROJECT_VERSION = 1;
				DEVELOPMENT_TEAM = 7QPZTLEJ7L;
				GENERATE_INFOPLIST_FILE = YES;
				MACOSX_DEPLOYMENT_TARGET = 13.1;
				MARKETING_VERSION = 1.0;
				PRODUCT_BUNDLE_IDENTIFIER = com.gamerocketstudio.imageCutTests;
				PRODUCT_NAME = "$(TARGET_NAME)";
				SWIFT_EMIT_LOC_STRINGS = NO;
				SWIFT_VERSION = 5.0;
				TEST_HOST = "$(BUILT_PRODUCTS_DIR)/imageCut.app/$(BUNDLE_EXECUTABLE_FOLDER_PATH)/imageCut";
			};
			name = Release;
		};
		9796A02D29D14FE2008E46DC /* Debug */ = {
			isa = XCBuildConfiguration;
			buildSettings = {
				ALWAYS_EMBED_SWIFT_STANDARD_LIBRARIES = YES;
				CODE_SIGN_STYLE = Automatic;
				CURRENT_PROJECT_VERSION = 1;
				DEVELOPMENT_TEAM = 7QPZTLEJ7L;
				GENERATE_INFOPLIST_FILE = YES;
				MARKETING_VERSION = 1.0;
				PRODUCT_BUNDLE_IDENTIFIER = com.gamerocketstudio.imageCutUITests;
				PRODUCT_NAME = "$(TARGET_NAME)";
				SWIFT_EMIT_LOC_STRINGS = NO;
				SWIFT_VERSION = 5.0;
				TEST_TARGET_NAME = imageCut;
			};
			name = Debug;
		};
		9796A02E29D14FE2008E46DC /* Release */ = {
			isa = XCBuildConfiguration;
			buildSettings = {
				ALWAYS_EMBED_SWIFT_STANDARD_LIBRARIES = YES;
				CODE_SIGN_STYLE = Automatic;
				CURRENT_PROJECT_VERSION = 1;
				DEVELOPMENT_TEAM = 7QPZTLEJ7L;
				GENERATE_INFOPLIST_FILE = YES;
				MARKETING_VERSION = 1.0;
				PRODUCT_BUNDLE_IDENTIFIER = com.gamerocketstudio.imageCutUITests;
				PRODUCT_NAME = "$(TARGET_NAME)";
				SWIFT_EMIT_LOC_STRINGS = NO;
				SWIFT_VERSION = 5.0;
				TEST_TARGET_NAME = imageCut;
			};
			name = Release;
		};
/* End XCBuildConfiguration section */

/* Begin XCConfigurationList section */
		97969FFC29D14FE0008E46DC /* Build configuration list for PBXProject "imageCut" */ = {
			isa = XCConfigurationList;
			buildConfigurations = (
				9796A02429D14FE2008E46DC /* Debug */,
				9796A02529D14FE2008E46DC /* Release */,
			);
			defaultConfigurationIsVisible = 0;
			defaultConfigurationName = Release;
		};
		9796A02629D14FE2008E46DC /* Build configuration list for PBXNativeTarget "imageCut" */ = {
			isa = XCConfigurationList;
			buildConfigurations = (
				9796A02729D14FE2008E46DC /* Debug */,
				9796A02829D14FE2008E46DC /* Release */,
			);
			defaultConfigurationIsVisible = 0;
			defaultConfigurationName = Release;
		};
		9796A02929D14FE2008E46DC /* Build configuration list for PBXNativeTarget "imageCutTests" */ = {
			isa = XCConfigurationList;
			buildConfigurations = (
				9796A02A29D14FE2008E46DC /* Debug */,
				9796A02B29D14FE2008E46DC /* Release */,
			);
			defaultConfigurationIsVisible = 0;
			defaultConfigurationName = Release;
		};
		9796A02C29D14FE2008E46DC /* Build configuration list for PBXNativeTarget "imageCutUITests" */ = {
			isa = XCConfigurationList;
			buildConfigurations = (
				9796A02D29D14FE2008E46DC /* Debug */,
				9796A02E29D14FE2008E46DC /* Release */,
			);
			defaultConfigurationIsVisible = 0;
			defaultConfigurationName = Release;
		};
/* End XCConfigurationList section */
	};
	rootObject = 97969FF929D14FE0008E46DC /* Project object */;
}
